
Microsoft Visual Studio Solution File, Format Version 12.00
# Visual Studio Version 16
VisualStudioVersion = 16.0.31729.503
MinimumVisualStudioVersion = 10.0.40219.1
Project("{9A19103F-16F7-4668-BE54-9A1E7A4F7556}") = "AudioExchange_Web", "AudioExchange_Web\AudioExchange_Web.csproj", "{C57F93A9-0018-462E-BA25-2B6041D84703}"
EndProject
Project("{FAE04EC0-301F-11D3-BF4B-00C04F79EFBC}") = "AudioExchange_Data", "AudioExchange_Data\AudioExchange_Data.csproj", "{007D2DA1-77FF-452A-A10E-5C6E54112F34}"
EndProject
Global
	GlobalSection(SolutionConfigurationPlatforms) = preSolution
		Debug|Any CPU = Debug|Any CPU
		Release|Any CPU = Release|Any CPU
	EndGlobalSection
	GlobalSection(ProjectConfigurationPlatforms) = postSolution
		{C57F93A9-0018-462E-BA25-2B6041D84703}.Debug|Any CPU.ActiveCfg = Debug|Any CPU
		{C57F93A9-0018-462E-BA25-2B6041D84703}.Debug|Any CPU.Build.0 = Debug|Any CPU
		{C57F93A9-0018-462E-BA25-2B6041D84703}.Release|Any CPU.ActiveCfg = Release|Any CPU
		{C57F93A9-0018-462E-BA25-2B6041D84703}.Release|Any CPU.Build.0 = Release|Any CPU
		{007D2DA1-77FF-452A-A10E-5C6E54112F34}.Debug|Any CPU.ActiveCfg = Debug|Any CPU
		{007D2DA1-77FF-452A-A10E-5C6E54112F34}.Debug|Any CPU.Build.0 = Debug|Any CPU
		{007D2DA1-77FF-452A-A10E-5C6E54112F34}.Release|Any CPU.ActiveCfg = Release|Any CPU
		{007D2DA1-77FF-452A-A10E-5C6E54112F34}.Release|Any CPU.Build.0 = Release|Any CPU
	EndGlobalSection
	GlobalSection(SolutionProperties) = preSolution
		HideSolutionNode = FALSE
	EndGlobalSection
	GlobalSection(ExtensibilityGlobals) = postSolution
		SolutionGuid = {0A474C61-4B1A-493A-9268-1FE9FB67B06A}
	EndGlobalSection
EndGlobal
